// !$*UTF8*$!
{
	archiveVersion = 1;
	classes = {
	};
	objectVersion = 51;
	objects = {

/* Begin PBXBuildFile section */
		13A0622B85A802B7ACBEB06F /* Pods_ZWTWeChat3_0.framework in Frameworks */ = {isa = PBXBuildFile; fileRef = 1F5550EFCBB3CFA90B0CF895 /* Pods_ZWTWeChat3_0.framework */; };
		4905E41A269E9D3A00FB055C /* CommentCell.m in Sources */ = {isa = PBXBuildFile; fileRef = 4905E418269E9D3A00FB055C /* CommentCell.m */; };
		4905E41B269E9D3A00FB055C /* CommentCell.xib in Resources */ = {isa = PBXBuildFile; fileRef = 4905E419269E9D3A00FB055C /* CommentCell.xib */; };
		4939DBC8267D2CBB006A4BB9 /* ZWTMeTableViewController.m in Sources */ = {isa = PBXBuildFile; fileRef = 4939DBC7267D2CBB006A4BB9 /* ZWTMeTableViewController.m */; };
		4944AECE268488B400ADFA8C /* MyTableViewCell.m in Sources */ = {isa = PBXBuildFile; fileRef = 4944AECC268488B400ADFA8C /* MyTableViewCell.m */; };
		4944AECF268488B400ADFA8C /* MyTableViewCell.xib in Resources */ = {isa = PBXBuildFile; fileRef = 4944AECD268488B400ADFA8C /* MyTableViewCell.xib */; };
		4944AEFF2684B68800ADFA8C /* ZWTPYQData.m in Sources */ = {isa = PBXBuildFile; fileRef = 4944AEFE2684B68800ADFA8C /* ZWTPYQData.m */; };
		4944AF022684B83600ADFA8C /* ZWTPYQData.plist in Resources */ = {isa = PBXBuildFile; fileRef = 4944AF012684B83600ADFA8C /* ZWTPYQData.plist */; };
		495477D22685C4E000A6F1E0 /* MyTableViewCell3.xib in Resources */ = {isa = PBXBuildFile; fileRef = 499F27042685B90200320270 /* MyTableViewCell3.xib */; };
		495477D42685C6B600A6F1E0 /* MyTableViewCell4.xib in Resources */ = {isa = PBXBuildFile; fileRef = 499F270B2685BBD600320270 /* MyTableViewCell4.xib */; };
		495636FD268225CF00539923 /* ZWTPYQVC.m in Sources */ = {isa = PBXBuildFile; fileRef = 495636FC268225CF00539923 /* ZWTPYQVC.m */; };
		4956371026822EC900539923 /* ZWTFabuVC.m in Sources */ = {isa = PBXBuildFile; fileRef = 4956370E26822EC900539923 /* ZWTFabuVC.m */; };
		4956371126822EC900539923 /* ZWTFabuVC.xib in Resources */ = {isa = PBXBuildFile; fileRef = 4956370F26822EC900539923 /* ZWTFabuVC.xib */; };
		4963A1E1264CF1F4005F4FBF /* ZWTMessageData.plist in Resources */ = {isa = PBXBuildFile; fileRef = 4963A1E0264CF1F4005F4FBF /* ZWTMessageData.plist */; };
		4963A1E7264CF20F005F4FBF /* ZWTContactsData.plist in Resources */ = {isa = PBXBuildFile; fileRef = 4963A1E6264CF20F005F4FBF /* ZWTContactsData.plist */; };
		4989F733264CF9E900223ED9 /* ZWTWeChatPageVC.m in Sources */ = {isa = PBXBuildFile; fileRef = 4989F732264CF9E900223ED9 /* ZWTWeChatPageVC.m */; };
		4989F737264CFA2900223ED9 /* ZWTMessageData.m in Sources */ = {isa = PBXBuildFile; fileRef = 4989F736264CFA2900223ED9 /* ZWTMessageData.m */; };
		4989F740264D093500223ED9 /* ZWTMessageCell.m in Sources */ = {isa = PBXBuildFile; fileRef = 4989F73E264D093500223ED9 /* ZWTMessageCell.m */; };
		4989F745264D0A1D00223ED9 /* ZWTMessageCell.xib in Resources */ = {isa = PBXBuildFile; fileRef = 4989F744264D0A1D00223ED9 /* ZWTMessageCell.xib */; };
		4989F74B264D114100223ED9 /* ZWTContactsData.m in Sources */ = {isa = PBXBuildFile; fileRef = 4989F74A264D114100223ED9 /* ZWTContactsData.m */; };
		4989F74F264D17FF00223ED9 /* ZWTContactsVC.m in Sources */ = {isa = PBXBuildFile; fileRef = 4989F74E264D17FF00223ED9 /* ZWTContactsVC.m */; };
		4989F753264D1E1700223ED9 /* ZWTContactsCell.xib in Resources */ = {isa = PBXBuildFile; fileRef = 4989F752264D1E1700223ED9 /* ZWTContactsCell.xib */; };
		4989F75A264D1E8700223ED9 /* ZWTContactsCell.m in Sources */ = {isa = PBXBuildFile; fileRef = 4989F759264D1E8700223ED9 /* ZWTContactsCell.m */; };
		4993A505267D40340051C236 /* ZWTMainTabbarVC.m in Sources */ = {isa = PBXBuildFile; fileRef = 4993A504267D40340051C236 /* ZWTMainTabbarVC.m */; };
		4993A50C267D41700051C236 /* ZWTLoginVC.m in Sources */ = {isa = PBXBuildFile; fileRef = 4993A50B267D41700051C236 /* ZWTLoginVC.m */; };
		499F26FF2684E57F00320270 /* MyTableViewCell3.m in Sources */ = {isa = PBXBuildFile; fileRef = 499F26FD2684E57F00320270 /* MyTableViewCell3.m */; };
		499F27002684E57F00320270 /* MyTableViewCell5.xib in Resources */ = {isa = PBXBuildFile; fileRef = 499F26FE2684E57F00320270 /* MyTableViewCell5.xib */; };
		499F27072685B9A800320270 /* MyTableViewCell4.m in Sources */ = {isa = PBXBuildFile; fileRef = 499F27062685B9A800320270 /* MyTableViewCell4.m */; };
		499F270F2685BC0C00320270 /* MyTableViewCell5.m in Sources */ = {isa = PBXBuildFile; fileRef = 499F270E2685BC0C00320270 /* MyTableViewCell5.m */; };
		49B715F72683925400EF14CF /* MyCollectionViewCell.m in Sources */ = {isa = PBXBuildFile; fileRef = 49B715F62683925400EF14CF /* MyCollectionViewCell.m */; };
		49D5FE65269EE4200026536E /* ZWTCommentVC.m in Sources */ = {isa = PBXBuildFile; fileRef = 49D5FE63269EE4200026536E /* ZWTCommentVC.m */; };
		49D5FE66269EE4200026536E /* ZWTCommentVC.xib in Resources */ = {isa = PBXBuildFile; fileRef = 49D5FE64269EE4200026536E /* ZWTCommentVC.xib */; };
		49D87038264CE998005F9B23 /* AppDelegate.m in Sources */ = {isa = PBXBuildFile; fileRef = 49D87037264CE998005F9B23 /* AppDelegate.m */; };
		49D8703B264CE998005F9B23 /* SceneDelegate.m in Sources */ = {isa = PBXBuildFile; fileRef = 49D8703A264CE998005F9B23 /* SceneDelegate.m */; };
		49D87041264CE998005F9B23 /* Main.storyboard in Resources */ = {isa = PBXBuildFile; fileRef = 49D8703F264CE998005F9B23 /* Main.storyboard */; };
		49D87043264CE99C005F9B23 /* Assets.xcassets in Resources */ = {isa = PBXBuildFile; fileRef = 49D87042264CE99C005F9B23 /* Assets.xcassets */; };
		49D87046264CE99C005F9B23 /* LaunchScreen.storyboard in Resources */ = {isa = PBXBuildFile; fileRef = 49D87044264CE99C005F9B23 /* LaunchScreen.storyboard */; };
		49D87049264CE99C005F9B23 /* main.m in Sources */ = {isa = PBXBuildFile; fileRef = 49D87048264CE99C005F9B23 /* main.m */; };
		49DEEE41267E4F9600E7D714 /* ZWTImageCache.m in Sources */ = {isa = PBXBuildFile; fileRef = 49DEEE40267E4F9600E7D714 /* ZWTImageCache.m */; };
/* End PBXBuildFile section */

/* Begin PBXFileReference section */
		1F5550EFCBB3CFA90B0CF895 /* Pods_ZWTWeChat3_0.framework */ = {isa = PBXFileReference; explicitFileType = wrapper.framework; includeInIndex = 0; path = Pods_ZWTWeChat3_0.framework; sourceTree = BUILT_PRODUCTS_DIR; };
		4905E417269E9D3A00FB055C /* CommentCell.h */ = {isa = PBXFileReference; lastKnownFileType = sourcecode.c.h; path = CommentCell.h; sourceTree = "<group>"; };
		4905E418269E9D3A00FB055C /* CommentCell.m */ = {isa = PBXFileReference; lastKnownFileType = sourcecode.c.objc; path = CommentCell.m; sourceTree = "<group>"; };
		4905E419269E9D3A00FB055C /* CommentCell.xib */ = {isa = PBXFileReference; lastKnownFileType = file.xib; path = CommentCell.xib; sourceTree = "<group>"; };
		4939DBC6267D2CBB006A4BB9 /* ZWTMeTableViewController.h */ = {isa = PBXFileReference; lastKnownFileType = sourcecode.c.h; path = ZWTMeTableViewController.h; sourceTree = "<group>"; };
		4939DBC7267D2CBB006A4BB9 /* ZWTMeTableViewController.m */ = {isa = PBXFileReference; lastKnownFileType = sourcecode.c.objc; path = ZWTMeTableViewController.m; sourceTree = "<group>"; };
		4944AECB268488B400ADFA8C /* MyTableViewCell.h */ = {isa = PBXFileReference; lastKnownFileType = sourcecode.c.h; path = MyTableViewCell.h; sourceTree = "<group>"; };
		4944AECC268488B400ADFA8C /* MyTableViewCell.m */ = {isa = PBXFileReference; lastKnownFileType = sourcecode.c.objc; path = MyTableViewCell.m; sourceTree = "<group>"; };
		4944AECD268488B400ADFA8C /* MyTableViewCell.xib */ = {isa = PBXFileReference; lastKnownFileType = file.xib; path = MyTableViewCell.xib; sourceTree = "<group>"; };
		4944AEFD2684B68800ADFA8C /* ZWTPYQData.h */ = {isa = PBXFileReference; lastKnownFileType = sourcecode.c.h; path = ZWTPYQData.h; sourceTree = "<group>"; };
		4944AEFE2684B68800ADFA8C /* ZWTPYQData.m */ = {isa = PBXFileReference; lastKnownFileType = sourcecode.c.objc; path = ZWTPYQData.m; sourceTree = "<group>"; };
		4944AF012684B83600ADFA8C /* ZWTPYQData.plist */ = {isa = PBXFileReference; lastKnownFileType = text.plist.xml; path = ZWTPYQData.plist; sourceTree = "<group>"; };
		495636FB268225CF00539923 /* ZWTPYQVC.h */ = {isa = PBXFileReference; lastKnownFileType = sourcecode.c.h; path = ZWTPYQVC.h; sourceTree = "<group>"; };
		495636FC268225CF00539923 /* ZWTPYQVC.m */ = {isa = PBXFileReference; lastKnownFileType = sourcecode.c.objc; path = ZWTPYQVC.m; sourceTree = "<group>"; };
		4956370D26822EC900539923 /* ZWTFabuVC.h */ = {isa = PBXFileReference; lastKnownFileType = sourcecode.c.h; path = ZWTFabuVC.h; sourceTree = "<group>"; };
		4956370E26822EC900539923 /* ZWTFabuVC.m */ = {isa = PBXFileReference; lastKnownFileType = sourcecode.c.objc; path = ZWTFabuVC.m; sourceTree = "<group>"; };
		4956370F26822EC900539923 /* ZWTFabuVC.xib */ = {isa = PBXFileReference; lastKnownFileType = file.xib; path = ZWTFabuVC.xib; sourceTree = "<group>"; };
		495637142682375300539923 /* PrefixHeader.pch */ = {isa = PBXFileReference; lastKnownFileType = sourcecode.c.h; path = PrefixHeader.pch; sourceTree = "<group>"; };
		4963A1E0264CF1F4005F4FBF /* ZWTMessageData.plist */ = {isa = PBXFileReference; fileEncoding = 4; lastKnownFileType = text.plist.xml; path = ZWTMessageData.plist; sourceTree = "<group>"; };
		4963A1E6264CF20F005F4FBF /* ZWTContactsData.plist */ = {isa = PBXFileReference; fileEncoding = 4; lastKnownFileType = text.plist.xml; path = ZWTContactsData.plist; sourceTree = "<group>"; };
		4989F731264CF9E900223ED9 /* ZWTWeChatPageVC.h */ = {isa = PBXFileReference; lastKnownFileType = sourcecode.c.h; path = ZWTWeChatPageVC.h; sourceTree = "<group>"; };
		4989F732264CF9E900223ED9 /* ZWTWeChatPageVC.m */ = {isa = PBXFileReference; lastKnownFileType = sourcecode.c.objc; path = ZWTWeChatPageVC.m; sourceTree = "<group>"; };
		4989F735264CFA2900223ED9 /* ZWTMessageData.h */ = {isa = PBXFileReference; lastKnownFileType = sourcecode.c.h; path = ZWTMessageData.h; sourceTree = "<group>"; };
		4989F736264CFA2900223ED9 /* ZWTMessageData.m */ = {isa = PBXFileReference; lastKnownFileType = sourcecode.c.objc; path = ZWTMessageData.m; sourceTree = "<group>"; };
		4989F73D264D093500223ED9 /* ZWTMessageCell.h */ = {isa = PBXFileReference; lastKnownFileType = sourcecode.c.h; path = ZWTMessageCell.h; sourceTree = "<group>"; };
		4989F73E264D093500223ED9 /* ZWTMessageCell.m */ = {isa = PBXFileReference; lastKnownFileType = sourcecode.c.objc; path = ZWTMessageCell.m; sourceTree = "<group>"; };
		4989F744264D0A1D00223ED9 /* ZWTMessageCell.xib */ = {isa = PBXFileReference; fileEncoding = 4; lastKnownFileType = file.xib; path = ZWTMessageCell.xib; sourceTree = "<group>"; };
		4989F749264D114100223ED9 /* ZWTContactsData.h */ = {isa = PBXFileReference; lastKnownFileType = sourcecode.c.h; path = ZWTContactsData.h; sourceTree = "<group>"; };
		4989F74A264D114100223ED9 /* ZWTContactsData.m */ = {isa = PBXFileReference; lastKnownFileType = sourcecode.c.objc; path = ZWTContactsData.m; sourceTree = "<group>"; };
		4989F74D264D17FF00223ED9 /* ZWTContactsVC.h */ = {isa = PBXFileReference; lastKnownFileType = sourcecode.c.h; path = ZWTContactsVC.h; sourceTree = "<group>"; };
		4989F74E264D17FF00223ED9 /* ZWTContactsVC.m */ = {isa = PBXFileReference; lastKnownFileType = sourcecode.c.objc; path = ZWTContactsVC.m; sourceTree = "<group>"; };
		4989F752264D1E1700223ED9 /* ZWTContactsCell.xib */ = {isa = PBXFileReference; fileEncoding = 4; lastKnownFileType = file.xib; path = ZWTContactsCell.xib; sourceTree = "<group>"; };
		4989F758264D1E8700223ED9 /* ZWTContactsCell.h */ = {isa = PBXFileReference; lastKnownFileType = sourcecode.c.h; path = ZWTContactsCell.h; sourceTree = "<group>"; };
		4989F759264D1E8700223ED9 /* ZWTContactsCell.m */ = {isa = PBXFileReference; lastKnownFileType = sourcecode.c.objc; path = ZWTContactsCell.m; sourceTree = "<group>"; };
		4993A503267D40340051C236 /* ZWTMainTabbarVC.h */ = {isa = PBXFileReference; lastKnownFileType = sourcecode.c.h; path = ZWTMainTabbarVC.h; sourceTree = "<group>"; };
		4993A504267D40340051C236 /* ZWTMainTabbarVC.m */ = {isa = PBXFileReference; lastKnownFileType = sourcecode.c.objc; path = ZWTMainTabbarVC.m; sourceTree = "<group>"; };
		4993A50A267D41700051C236 /* ZWTLoginVC.h */ = {isa = PBXFileReference; lastKnownFileType = sourcecode.c.h; path = ZWTLoginVC.h; sourceTree = "<group>"; };
		4993A50B267D41700051C236 /* ZWTLoginVC.m */ = {isa = PBXFileReference; lastKnownFileType = sourcecode.c.objc; path = ZWTLoginVC.m; sourceTree = "<group>"; };
		499F26FC2684E57F00320270 /* MyTableViewCell3.h */ = {isa = PBXFileReference; lastKnownFileType = sourcecode.c.h; path = MyTableViewCell3.h; sourceTree = "<group>"; };
		499F26FD2684E57F00320270 /* MyTableViewCell3.m */ = {isa = PBXFileReference; lastKnownFileType = sourcecode.c.objc; path = MyTableViewCell3.m; sourceTree = "<group>"; };
		499F26FE2684E57F00320270 /* MyTableViewCell5.xib */ = {isa = PBXFileReference; lastKnownFileType = file.xib; path = MyTableViewCell5.xib; sourceTree = "<group>"; };
		499F27042685B90200320270 /* MyTableViewCell3.xib */ = {isa = PBXFileReference; lastKnownFileType = file.xib; path = MyTableViewCell3.xib; sourceTree = "<group>"; };
		499F27052685B9A800320270 /* MyTableViewCell4.h */ = {isa = PBXFileReference; lastKnownFileType = sourcecode.c.h; path = MyTableViewCell4.h; sourceTree = "<group>"; };
		499F27062685B9A800320270 /* MyTableViewCell4.m */ = {isa = PBXFileReference; lastKnownFileType = sourcecode.c.objc; path = MyTableViewCell4.m; sourceTree = "<group>"; };
		499F270B2685BBD600320270 /* MyTableViewCell4.xib */ = {isa = PBXFileReference; lastKnownFileType = file.xib; path = MyTableViewCell4.xib; sourceTree = "<group>"; };
		499F270D2685BC0C00320270 /* MyTableViewCell5.h */ = {isa = PBXFileReference; lastKnownFileType = sourcecode.c.h; path = MyTableViewCell5.h; sourceTree = "<group>"; };
		499F270E2685BC0C00320270 /* MyTableViewCell5.m */ = {isa = PBXFileReference; lastKnownFileType = sourcecode.c.objc; path = MyTableViewCell5.m; sourceTree = "<group>"; };
		49B715F52683925400EF14CF /* MyCollectionViewCell.h */ = {isa = PBXFileReference; fileEncoding = 4; lastKnownFileType = sourcecode.c.h; path = MyCollectionViewCell.h; sourceTree = "<group>"; };
		49B715F62683925400EF14CF /* MyCollectionViewCell.m */ = {isa = PBXFileReference; fileEncoding = 4; lastKnownFileType = sourcecode.c.objc; path = MyCollectionViewCell.m; sourceTree = "<group>"; };
		49D5FE62269EE4200026536E /* ZWTCommentVC.h */ = {isa = PBXFileReference; lastKnownFileType = sourcecode.c.h; path = ZWTCommentVC.h; sourceTree = "<group>"; };
		49D5FE63269EE4200026536E /* ZWTCommentVC.m */ = {isa = PBXFileReference; lastKnownFileType = sourcecode.c.objc; path = ZWTCommentVC.m; sourceTree = "<group>"; };
		49D5FE64269EE4200026536E /* ZWTCommentVC.xib */ = {isa = PBXFileReference; lastKnownFileType = file.xib; path = ZWTCommentVC.xib; sourceTree = "<group>"; };
		49D87033264CE998005F9B23 /* ZWTWeChat3.0.app */ = {isa = PBXFileReference; explicitFileType = wrapper.application; includeInIndex = 0; path = ZWTWeChat3.0.app; sourceTree = BUILT_PRODUCTS_DIR; };
		49D87036264CE998005F9B23 /* AppDelegate.h */ = {isa = PBXFileReference; lastKnownFileType = sourcecode.c.h; path = AppDelegate.h; sourceTree = "<group>"; };
		49D87037264CE998005F9B23 /* AppDelegate.m */ = {isa = PBXFileReference; lastKnownFileType = sourcecode.c.objc; path = AppDelegate.m; sourceTree = "<group>"; };
		49D87039264CE998005F9B23 /* SceneDelegate.h */ = {isa = PBXFileReference; lastKnownFileType = sourcecode.c.h; path = SceneDelegate.h; sourceTree = "<group>"; };
		49D8703A264CE998005F9B23 /* SceneDelegate.m */ = {isa = PBXFileReference; lastKnownFileType = sourcecode.c.objc; path = SceneDelegate.m; sourceTree = "<group>"; };
		49D87040264CE998005F9B23 /* Base */ = {isa = PBXFileReference; lastKnownFileType = file.storyboard; name = Base; path = Base.lproj/Main.storyboard; sourceTree = "<group>"; };
		49D87042264CE99C005F9B23 /* Assets.xcassets */ = {isa = PBXFileReference; lastKnownFileType = folder.assetcatalog; path = Assets.xcassets; sourceTree = "<group>"; };
		49D87045264CE99C005F9B23 /* Base */ = {isa = PBXFileReference; lastKnownFileType = file.storyboard; name = Base; path = Base.lproj/LaunchScreen.storyboard; sourceTree = "<group>"; };
		49D87047264CE99C005F9B23 /* Info.plist */ = {isa = PBXFileReference; lastKnownFileType = text.plist.xml; path = Info.plist; sourceTree = "<group>"; };
		49D87048264CE99C005F9B23 /* main.m */ = {isa = PBXFileReference; lastKnownFileType = sourcecode.c.objc; path = main.m; sourceTree = "<group>"; };
		49DEEE3F267E4F9600E7D714 /* ZWTImageCache.h */ = {isa = PBXFileReference; lastKnownFileType = sourcecode.c.h; path = ZWTImageCache.h; sourceTree = "<group>"; };
		49DEEE40267E4F9600E7D714 /* ZWTImageCache.m */ = {isa = PBXFileReference; lastKnownFileType = sourcecode.c.objc; path = ZWTImageCache.m; sourceTree = "<group>"; };
		9893FADB4E06841DFBEB6BC8 /* Pods-ZWTWeChat3.0.debug.xcconfig */ = {isa = PBXFileReference; includeInIndex = 1; lastKnownFileType = text.xcconfig; name = "Pods-ZWTWeChat3.0.debug.xcconfig"; path = "Target Support Files/Pods-ZWTWeChat3.0/Pods-ZWTWeChat3.0.debug.xcconfig"; sourceTree = "<group>"; };
		C47F59A4D2384704DAE87203 /* Pods-ZWTWeChat3.0.release.xcconfig */ = {isa = PBXFileReference; includeInIndex = 1; lastKnownFileType = text.xcconfig; name = "Pods-ZWTWeChat3.0.release.xcconfig"; path = "Target Support Files/Pods-ZWTWeChat3.0/Pods-ZWTWeChat3.0.release.xcconfig"; sourceTree = "<group>"; };
/* End PBXFileReference section */

/* Begin PBXFrameworksBuildPhase section */
		49D87030264CE998005F9B23 /* Frameworks */ = {
			isa = PBXFrameworksBuildPhase;
			buildActionMask = 2147483647;
			files = (
				13A0622B85A802B7ACBEB06F /* Pods_ZWTWeChat3_0.framework in Frameworks */,
			);
			runOnlyForDeploymentPostprocessing = 0;
		};
/* End PBXFrameworksBuildPhase section */

/* Begin PBXGroup section */
		4905E416269E9CEA00FB055C /* CommentCell */ = {
			isa = PBXGroup;
			children = (
				4905E419269E9D3A00FB055C /* CommentCell.xib */,
				4905E417269E9D3A00FB055C /* CommentCell.h */,
				4905E418269E9D3A00FB055C /* CommentCell.m */,
			);
			path = CommentCell;
			sourceTree = "<group>";
		};
		49530A8F26836F0C00FFB8A6 /* Controllers */ = {
			isa = PBXGroup;
			children = (
				4956370D26822EC900539923 /* ZWTFabuVC.h */,
				4956370E26822EC900539923 /* ZWTFabuVC.m */,
				4956370F26822EC900539923 /* ZWTFabuVC.xib */,
			);
			path = Controllers;
			sourceTree = "<group>";
		};
		49530A9026836F1700FFB8A6 /* Views */ = {
			isa = PBXGroup;
			children = (
				49B715F52683925400EF14CF /* MyCollectionViewCell.h */,
				49B715F62683925400EF14CF /* MyCollectionViewCell.m */,
			);
			path = Views;
			sourceTree = "<group>";
		};
		495636F62682253D00539923 /* ZWTPYQ */ = {
			isa = PBXGroup;
			children = (
				495636FA268225A600539923 /* Models */,
				495636F92682258D00539923 /* Views */,
				4905E416269E9CEA00FB055C /* CommentCell */,
				495636F82682257900539923 /* Controllers */,
			);
			path = ZWTPYQ;
			sourceTree = "<group>";
		};
		495636F72682254500539923 /* ZWTFabu */ = {
			isa = PBXGroup;
			children = (
				49530A9026836F1700FFB8A6 /* Views */,
				49530A8F26836F0C00FFB8A6 /* Controllers */,
			);
			path = ZWTFabu;
			sourceTree = "<group>";
		};
		495636F82682257900539923 /* Controllers */ = {
			isa = PBXGroup;
			children = (
				49D5FE60269EE4020026536E /* ZWTCommentVC */,
				49D5FE5F269EE3DC0026536E /* ZWTPYQVC */,
			);
			path = Controllers;
			sourceTree = "<group>";
		};
		495636F92682258D00539923 /* Views */ = {
			isa = PBXGroup;
			children = (
				499F27142685BC6000320270 /* CellWithThreeRowImage */,
				499F27132685BC5100320270 /* CellWithTwoRowImage */,
				499F27122685BC3E00320270 /* CellWithOneRowImage */,
				499F27112685BC3100320270 /* CellWithNoImage */,
			);
			path = Views;
			sourceTree = "<group>";
		};
		495636FA268225A600539923 /* Models */ = {
			isa = PBXGroup;
			children = (
				4944AEFD2684B68800ADFA8C /* ZWTPYQData.h */,
				4944AEFE2684B68800ADFA8C /* ZWTPYQData.m */,
				4944AF012684B83600ADFA8C /* ZWTPYQData.plist */,
			);
			path = Models;
			sourceTree = "<group>";
		};
		4963A1D7264CED6E005F4FBF /* Supporting Files */ = {
			isa = PBXGroup;
			children = (
				49D87036264CE998005F9B23 /* AppDelegate.h */,
				49D87037264CE998005F9B23 /* AppDelegate.m */,
				49D87039264CE998005F9B23 /* SceneDelegate.h */,
				49D8703A264CE998005F9B23 /* SceneDelegate.m */,
				49D8703F264CE998005F9B23 /* Main.storyboard */,
				49D87044264CE99C005F9B23 /* LaunchScreen.storyboard */,
				49D87048264CE99C005F9B23 /* main.m */,
			);
			path = "Supporting Files";
			sourceTree = "<group>";
		};
		4963A1E9264CF2F3005F4FBF /* ZWTWeChat */ = {
			isa = PBXGroup;
			children = (
				4963A1F5264CF53B005F4FBF /* Model */,
				4963A1F6264CF54C005F4FBF /* View */,
				4963A1F7264CF55C005F4FBF /* Controller */,
			);
			path = ZWTWeChat;
			sourceTree = "<group>";
		};
		4963A1EA264CF304005F4FBF /* ZWTContacts */ = {
			isa = PBXGroup;
			children = (
				4989F757264D1E5400223ED9 /* Model */,
				4989F756264D1E2600223ED9 /* View */,
				4989F755264D1E1D00223ED9 /* Controller */,
			);
			path = ZWTContacts;
			sourceTree = "<group>";
		};
		4963A1EB264CF31C005F4FBF /* ZWTExplore */ = {
			isa = PBXGroup;
			children = (
				495636F62682253D00539923 /* ZWTPYQ */,
				495636F72682254500539923 /* ZWTFabu */,
			);
			path = ZWTExplore;
			sourceTree = "<group>";
		};
		4963A1EC264CF347005F4FBF /* ZWTMe */ = {
			isa = PBXGroup;
			children = (
				4990A77F2698A8EA0022EBF1 /* Controller */,
			);
			path = ZWTMe;
			sourceTree = "<group>";
		};
		4963A1F5264CF53B005F4FBF /* Model */ = {
			isa = PBXGroup;
			children = (
				4963A1E0264CF1F4005F4FBF /* ZWTMessageData.plist */,
				4989F735264CFA2900223ED9 /* ZWTMessageData.h */,
				4989F736264CFA2900223ED9 /* ZWTMessageData.m */,
			);
			path = Model;
			sourceTree = "<group>";
		};
		4963A1F6264CF54C005F4FBF /* View */ = {
			isa = PBXGroup;
			children = (
				4989F73D264D093500223ED9 /* ZWTMessageCell.h */,
				4989F73E264D093500223ED9 /* ZWTMessageCell.m */,
				4989F744264D0A1D00223ED9 /* ZWTMessageCell.xib */,
			);
			path = View;
			sourceTree = "<group>";
		};
		4963A1F7264CF55C005F4FBF /* Controller */ = {
			isa = PBXGroup;
			children = (
				4989F731264CF9E900223ED9 /* ZWTWeChatPageVC.h */,
				4989F732264CF9E900223ED9 /* ZWTWeChatPageVC.m */,
			);
			path = Controller;
			sourceTree = "<group>";
		};
		4989F755264D1E1D00223ED9 /* Controller */ = {
			isa = PBXGroup;
			children = (
				4989F74D264D17FF00223ED9 /* ZWTContactsVC.h */,
				4989F74E264D17FF00223ED9 /* ZWTContactsVC.m */,
			);
			path = Controller;
			sourceTree = "<group>";
		};
		4989F756264D1E2600223ED9 /* View */ = {
			isa = PBXGroup;
			children = (
				4989F752264D1E1700223ED9 /* ZWTContactsCell.xib */,
				4989F758264D1E8700223ED9 /* ZWTContactsCell.h */,
				4989F759264D1E8700223ED9 /* ZWTContactsCell.m */,
			);
			path = View;
			sourceTree = "<group>";
		};
		4989F757264D1E5400223ED9 /* Model */ = {
			isa = PBXGroup;
			children = (
				4963A1E6264CF20F005F4FBF /* ZWTContactsData.plist */,
				4989F749264D114100223ED9 /* ZWTContactsData.h */,
				4989F74A264D114100223ED9 /* ZWTContactsData.m */,
			);
			path = Model;
			sourceTree = "<group>";
		};
		4990A77D2698A8970022EBF1 /* Controller */ = {
			isa = PBXGroup;
			children = (
				4993A50A267D41700051C236 /* ZWTLoginVC.h */,
				4993A50B267D41700051C236 /* ZWTLoginVC.m */,
			);
			path = Controller;
			sourceTree = "<group>";
		};
		4990A77E2698A8BA0022EBF1 /* Controller */ = {
			isa = PBXGroup;
			children = (
				4993A503267D40340051C236 /* ZWTMainTabbarVC.h */,
				4993A504267D40340051C236 /* ZWTMainTabbarVC.m */,
			);
			path = Controller;
			sourceTree = "<group>";
		};
		4990A77F2698A8EA0022EBF1 /* Controller */ = {
			isa = PBXGroup;
			children = (
				4939DBC6267D2CBB006A4BB9 /* ZWTMeTableViewController.h */,
				4939DBC7267D2CBB006A4BB9 /* ZWTMeTableViewController.m */,
			);
			path = Controller;
			sourceTree = "<group>";
		};
		4993A500267D3F010051C236 /* ZWTLogin */ = {
			isa = PBXGroup;
			children = (
				4990A77D2698A8970022EBF1 /* Controller */,
			);
			path = ZWTLogin;
			sourceTree = "<group>";
		};
		4993A502267D40030051C236 /* ZWTMainTabbarVC */ = {
			isa = PBXGroup;
			children = (
				4990A77E2698A8BA0022EBF1 /* Controller */,
			);
			path = ZWTMainTabbarVC;
			sourceTree = "<group>";
		};
		499F27112685BC3100320270 /* CellWithNoImage */ = {
			isa = PBXGroup;
			children = (
				4944AECD268488B400ADFA8C /* MyTableViewCell.xib */,
				4944AECB268488B400ADFA8C /* MyTableViewCell.h */,
				4944AECC268488B400ADFA8C /* MyTableViewCell.m */,
			);
			path = CellWithNoImage;
			sourceTree = "<group>";
		};
		499F27122685BC3E00320270 /* CellWithOneRowImage */ = {
			isa = PBXGroup;
			children = (
				499F27042685B90200320270 /* MyTableViewCell3.xib */,
				499F26FC2684E57F00320270 /* MyTableViewCell3.h */,
				499F26FD2684E57F00320270 /* MyTableViewCell3.m */,
			);
			path = CellWithOneRowImage;
			sourceTree = "<group>";
		};
		499F27132685BC5100320270 /* CellWithTwoRowImage */ = {
			isa = PBXGroup;
			children = (
				499F270B2685BBD600320270 /* MyTableViewCell4.xib */,
				499F27052685B9A800320270 /* MyTableViewCell4.h */,
				499F27062685B9A800320270 /* MyTableViewCell4.m */,
			);
			path = CellWithTwoRowImage;
			sourceTree = "<group>";
		};
		499F27142685BC6000320270 /* CellWithThreeRowImage */ = {
			isa = PBXGroup;
			children = (
				499F26FE2684E57F00320270 /* MyTableViewCell5.xib */,
				499F270D2685BC0C00320270 /* MyTableViewCell5.h */,
				499F270E2685BC0C00320270 /* MyTableViewCell5.m */,
			);
			path = CellWithThreeRowImage;
			sourceTree = "<group>";
		};
		49D5FE5F269EE3DC0026536E /* ZWTPYQVC */ = {
			isa = PBXGroup;
			children = (
				495636FB268225CF00539923 /* ZWTPYQVC.h */,
				495636FC268225CF00539923 /* ZWTPYQVC.m */,
			);
			path = ZWTPYQVC;
			sourceTree = "<group>";
		};
		49D5FE60269EE4020026536E /* ZWTCommentVC */ = {
			isa = PBXGroup;
			children = (
				49D5FE64269EE4200026536E /* ZWTCommentVC.xib */,
				49D5FE62269EE4200026536E /* ZWTCommentVC.h */,
				49D5FE63269EE4200026536E /* ZWTCommentVC.m */,
			);
			path = ZWTCommentVC;
			sourceTree = "<group>";
		};
		49D8702A264CE998005F9B23 = {
			isa = PBXGroup;
			children = (
				49D87035264CE998005F9B23 /* ZWTWeChat3.0 */,
				49D87034264CE998005F9B23 /* Products */,
				99BD61E5F3CB4F21C6854C26 /* Pods */,
				4D21B082C6AB9C93261A8FFE /* Frameworks */,
			);
			sourceTree = "<group>";
		};
		49D87034264CE998005F9B23 /* Products */ = {
			isa = PBXGroup;
			children = (
				49D87033264CE998005F9B23 /* ZWTWeChat3.0.app */,
			);
			name = Products;
			sourceTree = "<group>";
		};
		49D87035264CE998005F9B23 /* ZWTWeChat3.0 */ = {
			isa = PBXGroup;
			children = (
				495637142682375300539923 /* PrefixHeader.pch */,
				49DEEE3D267E4F6000E7D714 /* Tools */,
				4993A502267D40030051C236 /* ZWTMainTabbarVC */,
				4993A500267D3F010051C236 /* ZWTLogin */,
				4963A1E9264CF2F3005F4FBF /* ZWTWeChat */,
				4963A1EA264CF304005F4FBF /* ZWTContacts */,
				4963A1EB264CF31C005F4FBF /* ZWTExplore */,
				4963A1EC264CF347005F4FBF /* ZWTMe */,
				4963A1D7264CED6E005F4FBF /* Supporting Files */,
				49D87042264CE99C005F9B23 /* Assets.xcassets */,
				49D87047264CE99C005F9B23 /* Info.plist */,
			);
			path = ZWTWeChat3.0;
			sourceTree = "<group>";
		};
		49DEEE3D267E4F6000E7D714 /* Tools */ = {
			isa = PBXGroup;
			children = (
				49DEEE3E267E4F7400E7D714 /* ZWTImageCache */,
			);
			path = Tools;
			sourceTree = "<group>";
		};
		49DEEE3E267E4F7400E7D714 /* ZWTImageCache */ = {
			isa = PBXGroup;
			children = (
				49DEEE3F267E4F9600E7D714 /* ZWTImageCache.h */,
				49DEEE40267E4F9600E7D714 /* ZWTImageCache.m */,
			);
			path = ZWTImageCache;
			sourceTree = "<group>";
		};
		4D21B082C6AB9C93261A8FFE /* Frameworks */ = {
			isa = PBXGroup;
			children = (
				1F5550EFCBB3CFA90B0CF895 /* Pods_ZWTWeChat3_0.framework */,
			);
			name = Frameworks;
			sourceTree = "<group>";
		};
		99BD61E5F3CB4F21C6854C26 /* Pods */ = {
			isa = PBXGroup;
			children = (
				9893FADB4E06841DFBEB6BC8 /* Pods-ZWTWeChat3.0.debug.xcconfig */,
				C47F59A4D2384704DAE87203 /* Pods-ZWTWeChat3.0.release.xcconfig */,
			);
			path = Pods;
			sourceTree = "<group>";
		};
/* End PBXGroup section */

/* Begin PBXNativeTarget section */
		49D87032264CE998005F9B23 /* ZWTWeChat3.0 */ = {
			isa = PBXNativeTarget;
			buildConfigurationList = 49D8704C264CE99C005F9B23 /* Build configuration list for PBXNativeTarget "ZWTWeChat3.0" */;
			buildPhases = (
				949803495B46518B6A760B55 /* [CP] Check Pods Manifest.lock */,
				49D8702F264CE998005F9B23 /* Sources */,
				49D87030264CE998005F9B23 /* Frameworks */,
				49D87031264CE998005F9B23 /* Resources */,
				732773A1E079FFCB53B3776C /* [CP] Embed Pods Frameworks */,
			);
			buildRules = (
			);
			dependencies = (
			);
			name = ZWTWeChat3.0;
			productName = ZWTWeChat3.0;
			productReference = 49D87033264CE998005F9B23 /* ZWTWeChat3.0.app */;
			productType = "com.apple.product-type.application";
		};
/* End PBXNativeTarget section */

/* Begin PBXProject section */
		49D8702B264CE998005F9B23 /* Project object */ = {
			isa = PBXProject;
			attributes = {
				LastUpgradeCheck = 1240;
				TargetAttributes = {
					49D87032264CE998005F9B23 = {
						CreatedOnToolsVersion = 12.4;
					};
				};
			};
			buildConfigurationList = 49D8702E264CE998005F9B23 /* Build configuration list for PBXProject "ZWTWeChat3.0" */;
			compatibilityVersion = "Xcode 9.3";
			developmentRegion = en;
			hasScannedForEncodings = 0;
			knownRegions = (
				en,
				Base,
			);
			mainGroup = 49D8702A264CE998005F9B23;
			productRefGroup = 49D87034264CE998005F9B23 /* Products */;
			projectDirPath = "";
			projectRoot = "";
			targets = (
				49D87032264CE998005F9B23 /* ZWTWeChat3.0 */,
			);
		};
/* End PBXProject section */

/* Begin PBXResourcesBuildPhase section */
		49D87031264CE998005F9B23 /* Resources */ = {
			isa = PBXResourcesBuildPhase;
			buildActionMask = 2147483647;
			files = (
				4989F753264D1E1700223ED9 /* ZWTContactsCell.xib in Resources */,
				4944AF022684B83600ADFA8C /* ZWTPYQData.plist in Resources */,
				4944AECF268488B400ADFA8C /* MyTableViewCell.xib in Resources */,
				49D87046264CE99C005F9B23 /* LaunchScreen.storyboard in Resources */,
				4956371126822EC900539923 /* ZWTFabuVC.xib in Resources */,
				495477D42685C6B600A6F1E0 /* MyTableViewCell4.xib in Resources */,
				49D5FE66269EE4200026536E /* ZWTCommentVC.xib in Resources */,
				4963A1E7264CF20F005F4FBF /* ZWTContactsData.plist in Resources */,
				499F27002684E57F00320270 /* MyTableViewCell5.xib in Resources */,
				49D87043264CE99C005F9B23 /* Assets.xcassets in Resources */,
				4963A1E1264CF1F4005F4FBF /* ZWTMessageData.plist in Resources */,
				495477D22685C4E000A6F1E0 /* MyTableViewCell3.xib in Resources */,
				4989F745264D0A1D00223ED9 /* ZWTMessageCell.xib in Resources */,
				49D87041264CE998005F9B23 /* Main.storyboard in Resources */,
				4905E41B269E9D3A00FB055C /* CommentCell.xib in Resources */,
			);
			runOnlyForDeploymentPostprocessing = 0;
		};
/* End PBXResourcesBuildPhase section */

/* Begin PBXShellScriptBuildPhase section */
		732773A1E079FFCB53B3776C /* [CP] Embed Pods Frameworks */ = {
			isa = PBXShellScriptBuildPhase;
			buildActionMask = 2147483647;
			files = (
			);
			inputFileListPaths = (
				"${PODS_ROOT}/Target Support Files/Pods-ZWTWeChat3.0/Pods-ZWTWeChat3.0-frameworks-${CONFIGURATION}-input-files.xcfilelist",
			);
			name = "[CP] Embed Pods Frameworks";
			outputFileListPaths = (
				"${PODS_ROOT}/Target Support Files/Pods-ZWTWeChat3.0/Pods-ZWTWeChat3.0-frameworks-${CONFIGURATION}-output-files.xcfilelist",
			);
			runOnlyForDeploymentPostprocessing = 0;
			shellPath = /bin/sh;
			shellScript = "\"${PODS_ROOT}/Target Support Files/Pods-ZWTWeChat3.0/Pods-ZWTWeChat3.0-frameworks.sh\"\n";
			showEnvVarsInLog = 0;
		};
		949803495B46518B6A760B55 /* [CP] Check Pods Manifest.lock */ = {
			isa = PBXShellScriptBuildPhase;
			buildActionMask = 2147483647;
			files = (
			);
			inputFileListPaths = (
			);
			inputPaths = (
				"${PODS_PODFILE_DIR_PATH}/Podfile.lock",
				"${PODS_ROOT}/Manifest.lock",
			);
			name = "[CP] Check Pods Manifest.lock";
			outputFileListPaths = (
			);
			outputPaths = (
				"$(DERIVED_FILE_DIR)/Pods-ZWTWeChat3.0-checkManifestLockResult.txt",
			);
			runOnlyForDeploymentPostprocessing = 0;
			shellPath = /bin/sh;
			shellScript = "diff \"${PODS_PODFILE_DIR_PATH}/Podfile.lock\" \"${PODS_ROOT}/Manifest.lock\" > /dev/null\nif [ $? != 0 ] ; then\n    # print error to STDERR\n    echo \"error: The sandbox is not in sync with the Podfile.lock. Run 'pod install' or update your CocoaPods installation.\" >&2\n    exit 1\nfi\n# This output is used by Xcode 'outputs' to avoid re-running this script phase.\necho \"SUCCESS\" > \"${SCRIPT_OUTPUT_FILE_0}\"\n";
			showEnvVarsInLog = 0;
		};
/* End PBXShellScriptBuildPhase section */

/* Begin PBXSourcesBuildPhase section */
		49D8702F264CE998005F9B23 /* Sources */ = {
			isa = PBXSourcesBuildPhase;
			buildActionMask = 2147483647;
			files = (
				4989F733264CF9E900223ED9 /* ZWTWeChatPageVC.m in Sources */,
				4989F740264D093500223ED9 /* ZWTMessageCell.m in Sources */,
				4993A50C267D41700051C236 /* ZWTLoginVC.m in Sources */,
				49D87038264CE998005F9B23 /* AppDelegate.m in Sources */,
				4944AEFF2684B68800ADFA8C /* ZWTPYQData.m in Sources */,
				4989F737264CFA2900223ED9 /* ZWTMessageData.m in Sources */,
				499F27072685B9A800320270 /* MyTableViewCell4.m in Sources */,
				4989F75A264D1E8700223ED9 /* ZWTContactsCell.m in Sources */,
				49D87049264CE99C005F9B23 /* main.m in Sources */,
				4993A505267D40340051C236 /* ZWTMainTabbarVC.m in Sources */,
				4944AECE268488B400ADFA8C /* MyTableViewCell.m in Sources */,
				4905E41A269E9D3A00FB055C /* CommentCell.m in Sources */,
				4956371026822EC900539923 /* ZWTFabuVC.m in Sources */,
				49D5FE65269EE4200026536E /* ZWTCommentVC.m in Sources */,
				49D8703B264CE998005F9B23 /* SceneDelegate.m in Sources */,
				4989F74B264D114100223ED9 /* ZWTContactsData.m in Sources */,
				499F270F2685BC0C00320270 /* MyTableViewCell5.m in Sources */,
				49DEEE41267E4F9600E7D714 /* ZWTImageCache.m in Sources */,
				4989F74F264D17FF00223ED9 /* ZWTContactsVC.m in Sources */,
				4939DBC8267D2CBB006A4BB9 /* ZWTMeTableViewController.m in Sources */,
				49B715F72683925400EF14CF /* MyCollectionViewCell.m in Sources */,
				499F26FF2684E57F00320270 /* MyTableViewCell3.m in Sources */,
				495636FD268225CF00539923 /* ZWTPYQVC.m in Sources */,
			);
			runOnlyForDeploymentPostprocessing = 0;
		};
/* End PBXSourcesBuildPhase section */

/* Begin PBXVariantGroup section */
		49D8703F264CE998005F9B23 /* Main.storyboard */ = {
			isa = PBXVariantGroup;
			children = (
				49D87040264CE998005F9B23 /* Base */,
			);
			name = Main.storyboard;
			sourceTree = "<group>";
		};
		49D87044264CE99C005F9B23 /* LaunchScreen.storyboard */ = {
			isa = PBXVariantGroup;
			children = (
				49D87045264CE99C005F9B23 /* Base */,
			);
			name = LaunchScreen.storyboard;
			sourceTree = "<group>";
		};
/* End PBXVariantGroup section */

/* Begin XCBuildConfiguration section */
		49D8704A264CE99C005F9B23 /* Debug */ = {
			isa = XCBuildConfiguration;
			buildSettings = {
				ALWAYS_SEARCH_USER_PATHS = NO;
				CLANG_ANALYZER_NONNULL = YES;
				CLANG_ANALYZER_NUMBER_OBJECT_CONVERSION = YES_AGGRESSIVE;
				CLANG_CXX_LANGUAGE_STANDARD = "gnu++14";
				CLANG_CXX_LIBRARY = "libc++";
				CLANG_ENABLE_MODULES = YES;
				CLANG_ENABLE_OBJC_ARC = YES;
				CLANG_ENABLE_OBJC_WEAK = YES;
				CLANG_WARN_BLOCK_CAPTURE_AUTORELEASING = YES;
				CLANG_WARN_BOOL_CONVERSION = YES;
				CLANG_WARN_COMMA = YES;
				CLANG_WARN_CONSTANT_CONVERSION = YES;
				CLANG_WARN_DEPRECATED_OBJC_IMPLEMENTATIONS = YES;
				CLANG_WARN_DIRECT_OBJC_ISA_USAGE = YES_ERROR;
				CLANG_WARN_DOCUMENTATION_COMMENTS = YES;
				CLANG_WARN_EMPTY_BODY = YES;
				CLANG_WARN_ENUM_CONVERSION = YES;
				CLANG_WARN_INFINITE_RECURSION = YES;
				CLANG_WARN_INT_CONVERSION = YES;
				CLANG_WARN_NON_LITERAL_NULL_CONVERSION = YES;
				CLANG_WARN_OBJC_IMPLICIT_RETAIN_SELF = YES;
				CLANG_WARN_OBJC_LITERAL_CONVERSION = YES;
				CLANG_WARN_OBJC_ROOT_CLASS = YES_ERROR;
				CLANG_WARN_QUOTED_INCLUDE_IN_FRAMEWORK_HEADER = YES;
				CLANG_WARN_RANGE_LOOP_ANALYSIS = YES;
				CLANG_WARN_STRICT_PROTOTYPES = YES;
				CLANG_WARN_SUSPICIOUS_MOVE = YES;
				CLANG_WARN_UNGUARDED_AVAILABILITY = YES_AGGRESSIVE;
				CLANG_WARN_UNREACHABLE_CODE = YES;
				CLANG_WARN__DUPLICATE_METHOD_MATCH = YES;
				COPY_PHASE_STRIP = NO;
				DEBUG_INFORMATION_FORMAT = dwarf;
				ENABLE_STRICT_OBJC_MSGSEND = YES;
				ENABLE_TESTABILITY = YES;
				GCC_C_LANGUAGE_STANDARD = gnu11;
				GCC_DYNAMIC_NO_PIC = NO;
				GCC_NO_COMMON_BLOCKS = YES;
				GCC_OPTIMIZATION_LEVEL = 0;
				GCC_PREPROCESSOR_DEFINITIONS = (
					"DEBUG=1",
					"$(inherited)",
				);
				GCC_WARN_64_TO_32_BIT_CONVERSION = YES;
				GCC_WARN_ABOUT_RETURN_TYPE = YES_ERROR;
				GCC_WARN_UNDECLARED_SELECTOR = YES;
				GCC_WARN_UNINITIALIZED_AUTOS = YES_AGGRESSIVE;
				GCC_WARN_UNUSED_FUNCTION = YES;
				GCC_WARN_UNUSED_VARIABLE = YES;
				IPHONEOS_DEPLOYMENT_TARGET = 14.4;
				MTL_ENABLE_DEBUG_INFO = INCLUDE_SOURCE;
				MTL_FAST_MATH = YES;
				ONLY_ACTIVE_ARCH = YES;
				SDKROOT = iphoneos;
			};
			name = Debug;
		};
		49D8704B264CE99C005F9B23 /* Release */ = {
			isa = XCBuildConfiguration;
			buildSettings = {
				ALWAYS_SEARCH_USER_PATHS = NO;
				CLANG_ANALYZER_NONNULL = YES;
				CLANG_ANALYZER_NUMBER_OBJECT_CONVERSION = YES_AGGRESSIVE;
				CLANG_CXX_LANGUAGE_STANDARD = "gnu++14";
				CLANG_CXX_LIBRARY = "libc++";
				CLANG_ENABLE_MODULES = YES;
				CLANG_ENABLE_OBJC_ARC = YES;
				CLANG_ENABLE_OBJC_WEAK = YES;
				CLANG_WARN_BLOCK_CAPTURE_AUTORELEASING = YES;
				CLANG_WARN_BOOL_CONVERSION = YES;
				CLANG_WARN_COMMA = YES;
				CLANG_WARN_CONSTANT_CONVERSION = YES;
				CLANG_WARN_DEPRECATED_OBJC_IMPLEMENTATIONS = YES;
				CLANG_WARN_DIRECT_OBJC_ISA_USAGE = YES_ERROR;
				CLANG_WARN_DOCUMENTATION_COMMENTS = YES;
				CLANG_WARN_EMPTY_BODY = YES;
				CLANG_WARN_ENUM_CONVERSION = YES;
				CLANG_WARN_INFINITE_RECURSION = YES;
				CLANG_WARN_INT_CONVERSION = YES;
				CLANG_WARN_NON_LITERAL_NULL_CONVERSION = YES;
				CLANG_WARN_OBJC_IMPLICIT_RETAIN_SELF = YES;
				CLANG_WARN_OBJC_LITERAL_CONVERSION = YES;
				CLANG_WARN_OBJC_ROOT_CLASS = YES_ERROR;
				CLANG_WARN_QUOTED_INCLUDE_IN_FRAMEWORK_HEADER = YES;
				CLANG_WARN_RANGE_LOOP_ANALYSIS = YES;
				CLANG_WARN_STRICT_PROTOTYPES = YES;
				CLANG_WARN_SUSPICIOUS_MOVE = YES;
				CLANG_WARN_UNGUARDED_AVAILABILITY = YES_AGGRESSIVE;
				CLANG_WARN_UNREACHABLE_CODE = YES;
				CLANG_WARN__DUPLICATE_METHOD_MATCH = YES;
				COPY_PHASE_STRIP = NO;
				DEBUG_INFORMATION_FORMAT = "dwarf-with-dsym";
				ENABLE_NS_ASSERTIONS = NO;
				ENABLE_STRICT_OBJC_MSGSEND = YES;
				GCC_C_LANGUAGE_STANDARD = gnu11;
				GCC_NO_COMMON_BLOCKS = YES;
				GCC_WARN_64_TO_32_BIT_CONVERSION = YES;
				GCC_WARN_ABOUT_RETURN_TYPE = YES_ERROR;
				GCC_WARN_UNDECLARED_SELECTOR = YES;
				GCC_WARN_UNINITIALIZED_AUTOS = YES_AGGRESSIVE;
				GCC_WARN_UNUSED_FUNCTION = YES;
				GCC_WARN_UNUSED_VARIABLE = YES;
				IPHONEOS_DEPLOYMENT_TARGET = 14.4;
				MTL_ENABLE_DEBUG_INFO = NO;
				MTL_FAST_MATH = YES;
				SDKROOT = iphoneos;
				VALIDATE_PRODUCT = YES;
			};
			name = Release;
		};
		49D8704D264CE99C005F9B23 /* Debug */ = {
			isa = XCBuildConfiguration;
			baseConfigurationReference = 9893FADB4E06841DFBEB6BC8 /* Pods-ZWTWeChat3.0.debug.xcconfig */;
			buildSettings = {
				ASSETCATALOG_COMPILER_APPICON_NAME = AppIcon;
				ASSETCATALOG_COMPILER_GLOBAL_ACCENT_COLOR_NAME = AccentColor;
				CODE_SIGN_STYLE = Automatic;
				DEVELOPMENT_TEAM = XXQ7M2A3K6;
				INFOPLIST_FILE = ZWTWeChat3.0/Info.plist;
				LD_RUNPATH_SEARCH_PATHS = (
					"$(inherited)",
					"@executable_path/Frameworks",
				);
				PRODUCT_BUNDLE_IDENTIFIER = "team.redrock.ZWTWeChat3-0";
				PRODUCT_NAME = "$(TARGET_NAME)";
				TARGETED_DEVICE_FAMILY = "1,2";
			};
			name = Debug;
		};
		49D8704E264CE99C005F9B23 /* Release */ = {
			isa = XCBuildConfiguration;
			baseConfigurationReference = C47F59A4D2384704DAE87203 /* Pods-ZWTWeChat3.0.release.xcconfig */;
			buildSettings = {
				ASSETCATALOG_COMPILER_APPICON_NAME = AppIcon;
				ASSETCATALOG_COMPILER_GLOBAL_ACCENT_COLOR_NAME = AccentColor;
				CODE_SIGN_STYLE = Automatic;
				DEVELOPMENT_TEAM = XXQ7M2A3K6;
				INFOPLIST_FILE = ZWTWeChat3.0/Info.plist;
				LD_RUNPATH_SEARCH_PATHS = (
					"$(inherited)",
					"@executable_path/Frameworks",
				);
				PRODUCT_BUNDLE_IDENTIFIER = "team.redrock.ZWTWeChat3-0";
				PRODUCT_NAME = "$(TARGET_NAME)";
				TARGETED_DEVICE_FAMILY = "1,2";
			};
			name = Release;
		};
/* End XCBuildConfiguration section */

/* Begin XCConfigurationList section */
		49D8702E264CE998005F9B23 /* Build configuration list for PBXProject "ZWTWeChat3.0" */ = {
			isa = XCConfigurationList;
			buildConfigurations = (
				49D8704A264CE99C005F9B23 /* Debug */,
				49D8704B264CE99C005F9B23 /* Release */,
			);
			defaultConfigurationIsVisible = 0;
			defaultConfigurationName = Release;
		};
		49D8704C264CE99C005F9B23 /* Build configuration list for PBXNativeTarget "ZWTWeChat3.0" */ = {
			isa = XCConfigurationList;
			buildConfigurations = (
				49D8704D264CE99C005F9B23 /* Debug */,
				49D8704E264CE99C005F9B23 /* Release */,
			);
			defaultConfigurationIsVisible = 0;
			defaultConfigurationName = Release;
		};
/* End XCConfigurationList section */
	};
	rootObject = 49D8702B264CE998005F9B23 /* Project object */;
}
